
Microsoft Visual Studio Solution File, Format Version 12.00
# Visual Studio Version 17
VisualStudioVersion = 17.10.34928.147
MinimumVisualStudioVersion = 10.0.40219.1
Project("{2150E333-8FDC-42A3-9474-1A3956D46DE8}") = "Habr Simple Fanout", "Habr Simple Fanout", "{2541C16F-2565-411F-AC5D-AE00FE96BCE1}"
	ProjectSection(SolutionItems) = preProject
		MassTransit Quick Start\Habr Simple Fanout\.dockerignore = MassTransit Quick Start\Habr Simple Fanout\.dockerignore
		MassTransit Quick Start\Habr Simple Fanout\compose.yaml = MassTransit Quick Start\Habr Simple Fanout\compose.yaml
		MassTransit Quick Start\Habr Simple Fanout\README.md = MassTransit Quick Start\Habr Simple Fanout\README.md
	EndProjectSection
EndProject
Project("{9A19103F-16F7-4668-BE54-9A1E7A4F7556}") = "Habr Simple Fanout Web Api Producer", "MassTransit Quick Start\Habr Simple Fanout\Habr Simple Fanout Web Api Producer\Habr Simple Fanout Web Api Producer.csproj", "{8CC089BA-9DB3-43FD-819B-5D6A651CB623}"
EndProject
Project("{9A19103F-16F7-4668-BE54-9A1E7A4F7556}") = "Habr Simple Fanout Console Consumer", "MassTransit Quick Start\Habr Simple Fanout\Habr Simple Fanout Console Consumer\Habr Simple Fanout Console Consumer.csproj", "{02186698-A947-4243-882D-8D23D952AF58}"
EndProject
Project("{2150E333-8FDC-42A3-9474-1A3956D46DE8}") = "Solution Items", "Solution Items", "{1CF93036-B686-4E9C-8DE4-F96161CFE058}"
	ProjectSection(SolutionItems) = preProject
		.dockerignore = .dockerignore
	EndProjectSection
EndProject
Project("{2150E333-8FDC-42A3-9474-1A3956D46DE8}") = "Request Response Messaging Pattern with MassTransit", "Request Response Messaging Pattern with MassTransit", "{00E5742F-B623-42E5-BBB3-F596E39F8501}"
	ProjectSection(SolutionItems) = preProject
		Request Response Messaging Pattern with MassTransit\.dockerignore = Request Response Messaging Pattern with MassTransit\.dockerignore
		Request Response Messaging Pattern with MassTransit\compose.yaml = Request Response Messaging Pattern with MassTransit\compose.yaml
		README.md = README.md
	EndProjectSection
EndProject
Project("{9A19103F-16F7-4668-BE54-9A1E7A4F7556}") = "Newsletter.Api", "Request Response Messaging Pattern with MassTransit\Request Response Newsletter.Api\Newsletter.Api.csproj", "{F4E51A3D-37D2-49EB-8327-B0D3A700730A}"
EndProject
Project("{FAE04EC0-301F-11D3-BF4B-00C04F79EFBC}") = "Contracts", "Request Response Messaging Pattern with MassTransit\Contracts\Contracts.csproj", "{D8E0047C-13B6-4110-82A8-3C5BC5725A0F}"
EndProject
Project("{FAE04EC0-301F-11D3-BF4B-00C04F79EFBC}") = "Newsletter.Reporting.Api", "Request Response Messaging Pattern with MassTransit\Newsletter.Reporting.Api\Newsletter.Reporting.Api.csproj", "{83AF0428-CDDE-4697-8C24-5DD624435BE8}"
EndProject
Project("{2150E333-8FDC-42A3-9474-1A3956D46DE8}") = "State Machine Saga", "State Machine Saga", "{901B326F-4489-411A-8DB5-89CB52AAFB9B}"
	ProjectSection(SolutionItems) = preProject
		State Machine Saga\README.md = State Machine Saga\README.md
		State Machine Saga\docker-compose.yaml = State Machine Saga\docker-compose.yaml
	EndProjectSection
EndProject
Project("{FAE04EC0-301F-11D3-BF4B-00C04F79EFBC}") = "Saga.Newsletter.Api", "State Machine Saga\Saga.Newsletter.Api\Saga.Newsletter.Api.csproj", "{B237E0D0-7AA6-45AC-B37A-0459B167DDC6}"
EndProject
Global
	GlobalSection(SolutionConfigurationPlatforms) = preSolution
		Debug|Any CPU = Debug|Any CPU
		Release|Any CPU = Release|Any CPU
	EndGlobalSection
	GlobalSection(ProjectConfigurationPlatforms) = postSolution
		{8CC089BA-9DB3-43FD-819B-5D6A651CB623}.Debug|Any CPU.ActiveCfg = Debug|Any CPU
		{8CC089BA-9DB3-43FD-819B-5D6A651CB623}.Debug|Any CPU.Build.0 = Debug|Any CPU
		{8CC089BA-9DB3-43FD-819B-5D6A651CB623}.Release|Any CPU.ActiveCfg = Release|Any CPU
		{8CC089BA-9DB3-43FD-819B-5D6A651CB623}.Release|Any CPU.Build.0 = Release|Any CPU
		{02186698-A947-4243-882D-8D23D952AF58}.Debug|Any CPU.ActiveCfg = Debug|Any CPU
		{02186698-A947-4243-882D-8D23D952AF58}.Debug|Any CPU.Build.0 = Debug|Any CPU
		{02186698-A947-4243-882D-8D23D952AF58}.Release|Any CPU.ActiveCfg = Release|Any CPU
		{02186698-A947-4243-882D-8D23D952AF58}.Release|Any CPU.Build.0 = Release|Any CPU
		{F4E51A3D-37D2-49EB-8327-B0D3A700730A}.Debug|Any CPU.ActiveCfg = Debug|Any CPU
		{F4E51A3D-37D2-49EB-8327-B0D3A700730A}.Debug|Any CPU.Build.0 = Debug|Any CPU
		{F4E51A3D-37D2-49EB-8327-B0D3A700730A}.Release|Any CPU.ActiveCfg = Release|Any CPU
		{F4E51A3D-37D2-49EB-8327-B0D3A700730A}.Release|Any CPU.Build.0 = Release|Any CPU
		{D8E0047C-13B6-4110-82A8-3C5BC5725A0F}.Debug|Any CPU.ActiveCfg = Debug|Any CPU
		{D8E0047C-13B6-4110-82A8-3C5BC5725A0F}.Debug|Any CPU.Build.0 = Debug|Any CPU
		{D8E0047C-13B6-4110-82A8-3C5BC5725A0F}.Release|Any CPU.ActiveCfg = Release|Any CPU
		{D8E0047C-13B6-4110-82A8-3C5BC5725A0F}.Release|Any CPU.Build.0 = Release|Any CPU
		{83AF0428-CDDE-4697-8C24-5DD624435BE8}.Debug|Any CPU.ActiveCfg = Debug|Any CPU
		{83AF0428-CDDE-4697-8C24-5DD624435BE8}.Debug|Any CPU.Build.0 = Debug|Any CPU
		{83AF0428-CDDE-4697-8C24-5DD624435BE8}.Release|Any CPU.ActiveCfg = Release|Any CPU
		{83AF0428-CDDE-4697-8C24-5DD624435BE8}.Release|Any CPU.Build.0 = Release|Any CPU
		{B237E0D0-7AA6-45AC-B37A-0459B167DDC6}.Debug|Any CPU.ActiveCfg = Debug|Any CPU
		{B237E0D0-7AA6-45AC-B37A-0459B167DDC6}.Debug|Any CPU.Build.0 = Debug|Any CPU
		{B237E0D0-7AA6-45AC-B37A-0459B167DDC6}.Release|Any CPU.ActiveCfg = Release|Any CPU
		{B237E0D0-7AA6-45AC-B37A-0459B167DDC6}.Release|Any CPU.Build.0 = Release|Any CPU
	EndGlobalSection
	GlobalSection(SolutionProperties) = preSolution
		HideSolutionNode = FALSE
	EndGlobalSection
	GlobalSection(NestedProjects) = preSolution
		{8CC089BA-9DB3-43FD-819B-5D6A651CB623} = {2541C16F-2565-411F-AC5D-AE00FE96BCE1}
		{02186698-A947-4243-882D-8D23D952AF58} = {2541C16F-2565-411F-AC5D-AE00FE96BCE1}
		{F4E51A3D-37D2-49EB-8327-B0D3A700730A} = {00E5742F-B623-42E5-BBB3-F596E39F8501}
		{D8E0047C-13B6-4110-82A8-3C5BC5725A0F} = {00E5742F-B623-42E5-BBB3-F596E39F8501}
		{83AF0428-CDDE-4697-8C24-5DD624435BE8} = {00E5742F-B623-42E5-BBB3-F596E39F8501}
		{B237E0D0-7AA6-45AC-B37A-0459B167DDC6} = {901B326F-4489-411A-8DB5-89CB52AAFB9B}
	EndGlobalSection
	GlobalSection(ExtensibilityGlobals) = postSolution
		SolutionGuid = {2B409608-5B79-4956-9D5F-E2784D8F028C}
	EndGlobalSection
EndGlobal
